// !$*UTF8*$!
{
	archiveVersion = 1;
	classes = {
	};
	objectVersion = 77;
	objects = {

/* Begin PBXContainerItemProxy section */
		E2080A6B2CCC734B001BC781 /* PBXContainerItemProxy */ = {
			isa = PBXContainerItemProxy;
			containerPortal = E2080A502CCC734A001BC781 /* Project object */;
			proxyType = 1;
			remoteGlobalIDString = E2080A572CCC734A001BC781;
			remoteInfo = BlitzKarten;
		};
		E2080A752CCC734B001BC781 /* PBXContainerItemProxy */ = {
			isa = PBXContainerItemProxy;
			containerPortal = E2080A502CCC734A001BC781 /* Project object */;
			proxyType = 1;
			remoteGlobalIDString = E2080A572CCC734A001BC781;
			remoteInfo = BlitzKarten;
		};
/* End PBXContainerItemProxy section */

/* Begin PBXFileReference section */
		E2080A582CCC734A001BC781 /* BlitzKarten.app */ = {isa = PBXFileReference; explicitFileType = wrapper.application; includeInIndex = 0; path = BlitzKarten.app; sourceTree = BUILT_PRODUCTS_DIR; };
		E2080A6A2CCC734B001BC781 /* BlitzKartenTests.xctest */ = {isa = PBXFileReference; explicitFileType = wrapper.cfbundle; includeInIndex = 0; path = BlitzKartenTests.xctest; sourceTree = BUILT_PRODUCTS_DIR; };
		E2080A742CCC734B001BC781 /* BlitzKartenUITests.xctest */ = {isa = PBXFileReference; explicitFileType = wrapper.cfbundle; includeInIndex = 0; path = BlitzKartenUITests.xctest; sourceTree = BUILT_PRODUCTS_DIR; };
/* End PBXFileReference section */

/* Begin PBXFileSystemSynchronizedRootGroup section */
		E2080A5A2CCC734A001BC781 /* BlitzKarten */ = {
			isa = PBXFileSystemSynchronizedRootGroup;
			path = BlitzKarten;
			sourceTree = "<group>";
		};
		E2080A6D2CCC734B001BC781 /* BlitzKartenTests */ = {
			isa = PBXFileSystemSynchronizedRootGroup;
			path = BlitzKartenTests;
			sourceTree = "<group>";
		};
		E2080A772CCC734B001BC781 /* BlitzKartenUITests */ = {
			isa = PBXFileSystemSynchronizedRootGroup;
			path = BlitzKartenUITests;
			sourceTree = "<group>";
		};
/* End PBXFileSystemSynchronizedRootGroup section */

/* Begin PBXFrameworksBuildPhase section */
		E2080A552CCC734A001BC781 /* Frameworks */ = {
			isa = PBXFrameworksBuildPhase;
			buildActionMask = 2147483647;
			files = (
			);
			runOnlyForDeploymentPostprocessing = 0;
		};
		E2080A672CCC734B001BC781 /* Frameworks */ = {
			isa = PBXFrameworksBuildPhase;
			buildActionMask = 2147483647;
			files = (
			);
			runOnlyForDeploymentPostprocessing = 0;
		};
		E2080A712CCC734B001BC781 /* Frameworks */ = {
			isa = PBXFrameworksBuildPhase;
			buildActionMask = 2147483647;
			files = (
			);
			runOnlyForDeploymentPostprocessing = 0;
		};
/* End PBXFrameworksBuildPhase section */

/* Begin PBXGroup section */
		E2080A4F2CCC734A001BC781 = {
			isa = PBXGroup;
			children = (
				E2080A5A2CCC734A001BC781 /* BlitzKarten */,
				E2080A6D2CCC734B001BC781 /* BlitzKartenTests */,
				E2080A772CCC734B001BC781 /* BlitzKartenUITests */,
				E2080A592CCC734A001BC781 /* Products */,
			);
			sourceTree = "<group>";
		};
		E2080A592CCC734A001BC781 /* Products */ = {
			isa = PBXGroup;
			children = (
				E2080A582CCC734A001BC781 /* BlitzKarten.app */,
				E2080A6A2CCC734B001BC781 /* BlitzKartenTests.xctest */,
				E2080A742CCC734B001BC781 /* BlitzKartenUITests.xctest */,
			);
			name = Products;
			sourceTree = "<group>";
		};
/* End PBXGroup section */

/* Begin PBXNativeTarget section */
		E2080A572CCC734A001BC781 /* BlitzKarten */ = {
			isa = PBXNativeTarget;
			buildConfigurationList = E2080A7E2CCC734B001BC781 /* Build configuration list for PBXNativeTarget "BlitzKarten" */;
			buildPhases = (
				E2080A542CCC734A001BC781 /* Sources */,
				E2080A552CCC734A001BC781 /* Frameworks */,
				E2080A562CCC734A001BC781 /* Resources */,
			);
			buildRules = (
			);
			dependencies = (
			);
			fileSystemSynchronizedGroups = (
				E2080A5A2CCC734A001BC781 /* BlitzKarten */,
			);
			name = BlitzKarten;
			packageProductDependencies = (
			);
			productName = BlitzKarten;
			productReference = E2080A582CCC734A001BC781 /* BlitzKarten.app */;
			productType = "com.apple.product-type.application";
		};
		E2080A692CCC734B001BC781 /* BlitzKartenTests */ = {
			isa = PBXNativeTarget;
			buildConfigurationList = E2080A812CCC734B001BC781 /* Build configuration list for PBXNativeTarget "BlitzKartenTests" */;
			buildPhases = (
				E2080A662CCC734B001BC781 /* Sources */,
				E2080A672CCC734B001BC781 /* Frameworks */,
				E2080A682CCC734B001BC781 /* Resources */,
			);
			buildRules = (
			);
			dependencies = (
				E2080A6C2CCC734B001BC781 /* PBXTargetDependency */,
			);
			fileSystemSynchronizedGroups = (
				E2080A6D2CCC734B001BC781 /* BlitzKartenTests */,
			);
			name = BlitzKartenTests;
			packageProductDependencies = (
			);
			productName = BlitzKartenTests;
			productReference = E2080A6A2CCC734B001BC781 /* BlitzKartenTests.xctest */;
			productType = "com.apple.product-type.bundle.unit-test";
		};
		E2080A732CCC734B001BC781 /* BlitzKartenUITests */ = {
			isa = PBXNativeTarget;
			buildConfigurationList = E2080A842CCC734B001BC781 /* Build configuration list for PBXNativeTarget "BlitzKartenUITests" */;
			buildPhases = (
				E2080A702CCC734B001BC781 /* Sources */,
				E2080A712CCC734B001BC781 /* Frameworks */,
				E2080A722CCC734B001BC781 /* Resources */,
			);
			buildRules = (
			);
			dependencies = (
				E2080A762CCC734B001BC781 /* PBXTargetDependency */,
			);
			fileSystemSynchronizedGroups = (
				E2080A772CCC734B001BC781 /* BlitzKartenUITests */,
			);
			name = BlitzKartenUITests;
			packageProductDependencies = (
			);
			productName = BlitzKartenUITests;
			productReference = E2080A742CCC734B001BC781 /* BlitzKartenUITests.xctest */;
			productType = "com.apple.product-type.bundle.ui-testing";
		};
/* End PBXNativeTarget section */

/* Begin PBXProject section */
		E2080A502CCC734A001BC781 /* Project object */ = {
			isa = PBXProject;
			attributes = {
				BuildIndependentTargetsInParallel = 1;
				LastSwiftUpdateCheck = 1600;
				LastUpgradeCheck = 1600;
				TargetAttributes = {
					E2080A572CCC734A001BC781 = {
						CreatedOnToolsVersion = 16.0;
					};
					E2080A692CCC734B001BC781 = {
						CreatedOnToolsVersion = 16.0;
						TestTargetID = E2080A572CCC734A001BC781;
					};
					E2080A732CCC734B001BC781 = {
						CreatedOnToolsVersion = 16.0;
						TestTargetID = E2080A572CCC734A001BC781;
					};
				};
			};
			buildConfigurationList = E2080A532CCC734A001BC781 /* Build configuration list for PBXProject "BlitzKarten" */;
			developmentRegion = en;
			hasScannedForEncodings = 0;
			knownRegions = (
				en,
				Base,
			);
			mainGroup = E2080A4F2CCC734A001BC781;
			minimizedProjectReferenceProxies = 1;
			preferredProjectObjectVersion = 77;
			productRefGroup = E2080A592CCC734A001BC781 /* Products */;
			projectDirPath = "";
			projectRoot = "";
			targets = (
				E2080A572CCC734A001BC781 /* BlitzKarten */,
				E2080A692CCC734B001BC781 /* BlitzKartenTests */,
				E2080A732CCC734B001BC781 /* BlitzKartenUITests */,
			);
		};
/* End PBXProject section */

/* Begin PBXResourcesBuildPhase section */
		E2080A562CCC734A001BC781 /* Resources */ = {
			isa = PBXResourcesBuildPhase;
			buildActionMask = 2147483647;
			files = (
			);
			runOnlyForDeploymentPostprocessing = 0;
		};
		E2080A682CCC734B001BC781 /* Resources */ = {
			isa = PBXResourcesBuildPhase;
			buildActionMask = 2147483647;
			files = (
			);
			runOnlyForDeploymentPostprocessing = 0;
		};
		E2080A722CCC734B001BC781 /* Resources */ = {
			isa = PBXResourcesBuildPhase;
			buildActionMask = 2147483647;
			files = (
			);
			runOnlyForDeploymentPostprocessing = 0;
		};
/* End PBXResourcesBuildPhase section */

/* Begin PBXSourcesBuildPhase section */
		E2080A542CCC734A001BC781 /* Sources */ = {
			isa = PBXSourcesBuildPhase;
			buildActionMask = 2147483647;
			files = (
			);
			runOnlyForDeploymentPostprocessing = 0;
		};
		E2080A662CCC734B001BC781 /* Sources */ = {
			isa = PBXSourcesBuildPhase;
			buildActionMask = 2147483647;
			files = (
			);
			runOnlyForDeploymentPostprocessing = 0;
		};
		E2080A702CCC734B001BC781 /* Sources */ = {
			isa = PBXSourcesBuildPhase;
			buildActionMask = 2147483647;
			files = (
			);
			runOnlyForDeploymentPostprocessing = 0;
		};
/* End PBXSourcesBuildPhase section */

/* Begin PBXTargetDependency section */
		E2080A6C2CCC734B001BC781 /* PBXTargetDependency */ = {
			isa = PBXTargetDependency;
			target = E2080A572CCC734A001BC781 /* BlitzKarten */;
			targetProxy = E2080A6B2CCC734B001BC781 /* PBXContainerItemProxy */;
		};
		E2080A762CCC734B001BC781 /* PBXTargetDependency */ = {
			isa = PBXTargetDependency;
			target = E2080A572CCC734A001BC781 /* BlitzKarten */;
			targetProxy = E2080A752CCC734B001BC781 /* PBXContainerItemProxy */;
		};
/* End PBXTargetDependency section */

/* Begin XCBuildConfiguration section */
		E2080A7C2CCC734B001BC781 /* Debug */ = {
			isa = XCBuildConfiguration;
			buildSettings = {
				ALWAYS_SEARCH_USER_PATHS = NO;
				ASSETCATALOG_COMPILER_GENERATE_SWIFT_ASSET_SYMBOL_EXTENSIONS = YES;
				CLANG_ANALYZER_NONNULL = YES;
				CLANG_ANALYZER_NUMBER_OBJECT_CONVERSION = YES_AGGRESSIVE;
				CLANG_CXX_LANGUAGE_STANDARD = "gnu++20";
				CLANG_ENABLE_MODULES = YES;
				CLANG_ENABLE_OBJC_ARC = YES;
				CLANG_ENABLE_OBJC_WEAK = YES;
				CLANG_WARN_BLOCK_CAPTURE_AUTORELEASING = YES;
				CLANG_WARN_BOOL_CONVERSION = YES;
				CLANG_WARN_COMMA = YES;
				CLANG_WARN_CONSTANT_CONVERSION = YES;
				CLANG_WARN_DEPRECATED_OBJC_IMPLEMENTATIONS = YES;
				CLANG_WARN_DIRECT_OBJC_ISA_USAGE = YES_ERROR;
				CLANG_WARN_DOCUMENTATION_COMMENTS = YES;
				CLANG_WARN_EMPTY_BODY = YES;
				CLANG_WARN_ENUM_CONVERSION = YES;
				CLANG_WARN_INFINITE_RECURSION = YES;
				CLANG_WARN_INT_CONVERSION = YES;
				CLANG_WARN_NON_LITERAL_NULL_CONVERSION = YES;
				CLANG_WARN_OBJC_IMPLICIT_RETAIN_SELF = YES;
				CLANG_WARN_OBJC_LITERAL_CONVERSION = YES;
				CLANG_WARN_OBJC_ROOT_CLASS = YES_ERROR;
				CLANG_WARN_QUOTED_INCLUDE_IN_FRAMEWORK_HEADER = YES;
				CLANG_WARN_RANGE_LOOP_ANALYSIS = YES;
				CLANG_WARN_STRICT_PROTOTYPES = YES;
				CLANG_WARN_SUSPICIOUS_MOVE = YES;
				CLANG_WARN_UNGUARDED_AVAILABILITY = YES_AGGRESSIVE;
				CLANG_WARN_UNREACHABLE_CODE = YES;
				CLANG_WARN__DUPLICATE_METHOD_MATCH = YES;
				COPY_PHASE_STRIP = NO;
				DEBUG_INFORMATION_FORMAT = dwarf;
				ENABLE_STRICT_OBJC_MSGSEND = YES;
				ENABLE_TESTABILITY = YES;
				ENABLE_USER_SCRIPT_SANDBOXING = YES;
				GCC_C_LANGUAGE_STANDARD = gnu17;
				GCC_DYNAMIC_NO_PIC = NO;
				GCC_NO_COMMON_BLOCKS = YES;
				GCC_OPTIMIZATION_LEVEL = 0;
				GCC_PREPROCESSOR_DEFINITIONS = (
					"DEBUG=1",
					"$(inherited)",
				);
				GCC_WARN_64_TO_32_BIT_CONVERSION = YES;
				GCC_WARN_ABOUT_RETURN_TYPE = YES_ERROR;
				GCC_WARN_UNDECLARED_SELECTOR = YES;
				GCC_WARN_UNINITIALIZED_AUTOS = YES_AGGRESSIVE;
				GCC_WARN_UNUSED_FUNCTION = YES;
				GCC_WARN_UNUSED_VARIABLE = YES;
				IPHONEOS_DEPLOYMENT_TARGET = 18.0;
				LOCALIZATION_PREFERS_STRING_CATALOGS = YES;
				MTL_ENABLE_DEBUG_INFO = INCLUDE_SOURCE;
				MTL_FAST_MATH = YES;
				ONLY_ACTIVE_ARCH = YES;
				SDKROOT = iphoneos;
				SWIFT_ACTIVE_COMPILATION_CONDITIONS = "DEBUG $(inherited)";
				SWIFT_OPTIMIZATION_LEVEL = "-Onone";
			};
			name = Debug;
		};
		E2080A7D2CCC734B001BC781 /* Release */ = {
			isa = XCBuildConfiguration;
			buildSettings = {
				ALWAYS_SEARCH_USER_PATHS = NO;
				ASSETCATALOG_COMPILER_GENERATE_SWIFT_ASSET_SYMBOL_EXTENSIONS = YES;
				CLANG_ANALYZER_NONNULL = YES;
				CLANG_ANALYZER_NUMBER_OBJECT_CONVERSION = YES_AGGRESSIVE;
				CLANG_CXX_LANGUAGE_STANDARD = "gnu++20";
				CLANG_ENABLE_MODULES = YES;
				CLANG_ENABLE_OBJC_ARC = YES;
				CLANG_ENABLE_OBJC_WEAK = YES;
				CLANG_WARN_BLOCK_CAPTURE_AUTORELEASING = YES;
				CLANG_WARN_BOOL_CONVERSION = YES;
				CLANG_WARN_COMMA = YES;
				CLANG_WARN_CONSTANT_CONVERSION = YES;
				CLANG_WARN_DEPRECATED_OBJC_IMPLEMENTATIONS = YES;
				CLANG_WARN_DIRECT_OBJC_ISA_USAGE = YES_ERROR;
				CLANG_WARN_DOCUMENTATION_COMMENTS = YES;
				CLANG_WARN_EMPTY_BODY = YES;
				CLANG_WARN_ENUM_CONVERSION = YES;
				CLANG_WARN_INFINITE_RECURSION = YES;
				CLANG_WARN_INT_CONVERSION = YES;
				CLANG_WARN_NON_LITERAL_NULL_CONVERSION = YES;
				CLANG_WARN_OBJC_IMPLICIT_RETAIN_SELF = YES;
				CLANG_WARN_OBJC_LITERAL_CONVERSION = YES;
				CLANG_WARN_OBJC_ROOT_CLASS = YES_ERROR;
				CLANG_WARN_QUOTED_INCLUDE_IN_FRAMEWORK_HEADER = YES;
				CLANG_WARN_RANGE_LOOP_ANALYSIS = YES;
				CLANG_WARN_STRICT_PROTOTYPES = YES;
				CLANG_WARN_SUSPICIOUS_MOVE = YES;
				CLANG_WARN_UNGUARDED_AVAILABILITY = YES_AGGRESSIVE;
				CLANG_WARN_UNREACHABLE_CODE = YES;
				CLANG_WARN__DUPLICATE_METHOD_MATCH = YES;
				COPY_PHASE_STRIP = NO;
				DEBUG_INFORMATION_FORMAT = "dwarf-with-dsym";
				ENABLE_NS_ASSERTIONS = NO;
				ENABLE_STRICT_OBJC_MSGSEND = YES;
				ENABLE_USER_SCRIPT_SANDBOXING = YES;
				GCC_C_LANGUAGE_STANDARD = gnu17;
				GCC_NO_COMMON_BLOCKS = YES;
				GCC_WARN_64_TO_32_BIT_CONVERSION = YES;
				GCC_WARN_ABOUT_RETURN_TYPE = YES_ERROR;
				GCC_WARN_UNDECLARED_SELECTOR = YES;
				GCC_WARN_UNINITIALIZED_AUTOS = YES_AGGRESSIVE;
				GCC_WARN_UNUSED_FUNCTION = YES;
				GCC_WARN_UNUSED_VARIABLE = YES;
				IPHONEOS_DEPLOYMENT_TARGET = 18.0;
				LOCALIZATION_PREFERS_STRING_CATALOGS = YES;
				MTL_ENABLE_DEBUG_INFO = NO;
				MTL_FAST_MATH = YES;
				SDKROOT = iphoneos;
				SWIFT_COMPILATION_MODE = wholemodule;
				VALIDATE_PRODUCT = YES;
			};
			name = Release;
		};
		E2080A7F2CCC734B001BC781 /* Debug */ = {
			isa = XCBuildConfiguration;
			buildSettings = {
				ASSETCATALOG_COMPILER_APPICON_NAME = AppIcon;
				ASSETCATALOG_COMPILER_GLOBAL_ACCENT_COLOR_NAME = AccentColor;
				CODE_SIGN_STYLE = Automatic;
				CURRENT_PROJECT_VERSION = 1;
				DEVELOPMENT_ASSET_PATHS = "\"BlitzKarten/Preview Content\"";
				ENABLE_PREVIEWS = YES;
				GENERATE_INFOPLIST_FILE = YES;
				INFOPLIST_KEY_UIApplicationSceneManifest_Generation = YES;
				INFOPLIST_KEY_UIApplicationSupportsIndirectInputEvents = YES;
				INFOPLIST_KEY_UILaunchScreen_Generation = YES;
				INFOPLIST_KEY_UISupportedInterfaceOrientations_iPad = "UIInterfaceOrientationPortrait UIInterfaceOrientationPortraitUpsideDown UIInterfaceOrientationLandscapeLeft UIInterfaceOrientationLandscapeRight";
				INFOPLIST_KEY_UISupportedInterfaceOrientations_iPhone = "UIInterfaceOrientationPortrait UIInterfaceOrientationLandscapeLeft UIInterfaceOrientationLandscapeRight";
				LD_RUNPATH_SEARCH_PATHS = (
					"$(inherited)",
					"@executable_path/Frameworks",
				);
				MARKETING_VERSION = 1.0;
				PRODUCT_BUNDLE_IDENTIFIER = mattcoop.BlitzKarten;
				PRODUCT_NAME = "$(TARGET_NAME)";
				SWIFT_EMIT_LOC_STRINGS = YES;
				SWIFT_VERSION = 5.0;
				TARGETED_DEVICE_FAMILY = "1,2";
			};
			name = Debug;
		};
		E2080A802CCC734B001BC781 /* Release */ = {
			isa = XCBuildConfiguration;
			buildSettings = {
				ASSETCATALOG_COMPILER_APPICON_NAME = AppIcon;
				ASSETCATALOG_COMPILER_GLOBAL_ACCENT_COLOR_NAME = AccentColor;
				CODE_SIGN_STYLE = Automatic;
				CURRENT_PROJECT_VERSION = 1;
				DEVELOPMENT_ASSET_PATHS = "\"BlitzKarten/Preview Content\"";
				ENABLE_PREVIEWS = YES;
				GENERATE_INFOPLIST_FILE = YES;
				INFOPLIST_KEY_UIApplicationSceneManifest_Generation = YES;
				INFOPLIST_KEY_UIApplicationSupportsIndirectInputEvents = YES;
				INFOPLIST_KEY_UILaunchScreen_Generation = YES;
				INFOPLIST_KEY_UISupportedInterfaceOrientations_iPad = "UIInterfaceOrientationPortrait UIInterfaceOrientationPortraitUpsideDown UIInterfaceOrientationLandscapeLeft UIInterfaceOrientationLandscapeRight";
				INFOPLIST_KEY_UISupportedInterfaceOrientations_iPhone = "UIInterfaceOrientationPortrait UIInterfaceOrientationLandscapeLeft UIInterfaceOrientationLandscapeRight";
				LD_RUNPATH_SEARCH_PATHS = (
					"$(inherited)",
					"@executable_path/Frameworks",
				);
				MARKETING_VERSION = 1.0;
				PRODUCT_BUNDLE_IDENTIFIER = mattcoop.BlitzKarten;
				PRODUCT_NAME = "$(TARGET_NAME)";
				SWIFT_EMIT_LOC_STRINGS = YES;
				SWIFT_VERSION = 5.0;
				TARGETED_DEVICE_FAMILY = "1,2";
			};
			name = Release;
		};
		E2080A822CCC734B001BC781 /* Debug */ = {
			isa = XCBuildConfiguration;
			buildSettings = {
				BUNDLE_LOADER = "$(TEST_HOST)";
				CODE_SIGN_STYLE = Automatic;
				CURRENT_PROJECT_VERSION = 1;
				GENERATE_INFOPLIST_FILE = YES;
				IPHONEOS_DEPLOYMENT_TARGET = 18.0;
				MARKETING_VERSION = 1.0;
				PRODUCT_BUNDLE_IDENTIFIER = mattcoop.BlitzKartenTests;
				PRODUCT_NAME = "$(TARGET_NAME)";
				SWIFT_EMIT_LOC_STRINGS = NO;
				SWIFT_VERSION = 5.0;
				TARGETED_DEVICE_FAMILY = "1,2";
				TEST_HOST = "$(BUILT_PRODUCTS_DIR)/BlitzKarten.app/$(BUNDLE_EXECUTABLE_FOLDER_PATH)/BlitzKarten";
			};
			name = Debug;
		};
		E2080A832CCC734B001BC781 /* Release */ = {
			isa = XCBuildConfiguration;
			buildSettings = {
				BUNDLE_LOADER = "$(TEST_HOST)";
				CODE_SIGN_STYLE = Automatic;
				CURRENT_PROJECT_VERSION = 1;
				GENERATE_INFOPLIST_FILE = YES;
				IPHONEOS_DEPLOYMENT_TARGET = 18.0;
				MARKETING_VERSION = 1.0;
				PRODUCT_BUNDLE_IDENTIFIER = mattcoop.BlitzKartenTests;
				PRODUCT_NAME = "$(TARGET_NAME)";
				SWIFT_EMIT_LOC_STRINGS = NO;
				SWIFT_VERSION = 5.0;
				TARGETED_DEVICE_FAMILY = "1,2";
				TEST_HOST = "$(BUILT_PRODUCTS_DIR)/BlitzKarten.app/$(BUNDLE_EXECUTABLE_FOLDER_PATH)/BlitzKarten";
			};
			name = Release;
		};
		E2080A852CCC734B001BC781 /* Debug */ = {
			isa = XCBuildConfiguration;
			buildSettings = {
				CODE_SIGN_STYLE = Automatic;
				CURRENT_PROJECT_VERSION = 1;
				GENERATE_INFOPLIST_FILE = YES;
				MARKETING_VERSION = 1.0;
				PRODUCT_BUNDLE_IDENTIFIER = mattcoop.BlitzKartenUITests;
				PRODUCT_NAME = "$(TARGET_NAME)";
				SWIFT_EMIT_LOC_STRINGS = NO;
				SWIFT_VERSION = 5.0;
				TARGETED_DEVICE_FAMILY = "1,2";
				TEST_TARGET_NAME = BlitzKarten;
			};
			name = Debug;
		};
		E2080A862CCC734B001BC781 /* Release */ = {
			isa = XCBuildConfiguration;
			buildSettings = {
				CODE_SIGN_STYLE = Automatic;
				CURRENT_PROJECT_VERSION = 1;
				GENERATE_INFOPLIST_FILE = YES;
				MARKETING_VERSION = 1.0;
				PRODUCT_BUNDLE_IDENTIFIER = mattcoop.BlitzKartenUITests;
				PRODUCT_NAME = "$(TARGET_NAME)";
				SWIFT_EMIT_LOC_STRINGS = NO;
				SWIFT_VERSION = 5.0;
				TARGETED_DEVICE_FAMILY = "1,2";
				TEST_TARGET_NAME = BlitzKarten;
			};
			name = Release;
		};
/* End XCBuildConfiguration section */

/* Begin XCConfigurationList section */
		E2080A532CCC734A001BC781 /* Build configuration list for PBXProject "BlitzKarten" */ = {
			isa = XCConfigurationList;
			buildConfigurations = (
				E2080A7C2CCC734B001BC781 /* Debug */,
				E2080A7D2CCC734B001BC781 /* Release */,
			);
			defaultConfigurationIsVisible = 0;
			defaultConfigurationName = Release;
		};
		E2080A7E2CCC734B001BC781 /* Build configuration list for PBXNativeTarget "BlitzKarten" */ = {
			isa = XCConfigurationList;
			buildConfigurations = (
				E2080A7F2CCC734B001BC781 /* Debug */,
				E2080A802CCC734B001BC781 /* Release */,
			);
			defaultConfigurationIsVisible = 0;
			defaultConfigurationName = Release;
		};
		E2080A812CCC734B001BC781 /* Build configuration list for PBXNativeTarget "BlitzKartenTests" */ = {
			isa = XCConfigurationList;
			buildConfigurations = (
				E2080A822CCC734B001BC781 /* Debug */,
				E2080A832CCC734B001BC781 /* Release */,
			);
			defaultConfigurationIsVisible = 0;
			defaultConfigurationName = Release;
		};
		E2080A842CCC734B001BC781 /* Build configuration list for PBXNativeTarget "BlitzKartenUITests" */ = {
			isa = XCConfigurationList;
			buildConfigurations = (
				E2080A852CCC734B001BC781 /* Debug */,
				E2080A862CCC734B001BC781 /* Release */,
			);
			defaultConfigurationIsVisible = 0;
			defaultConfigurationName = Release;
		};
/* End XCConfigurationList section */
	};
	rootObject = E2080A502CCC734A001BC781 /* Project object */;
}
